// !$*UTF8*$!
{
	archiveVersion = 1;
	classes = {
	};
	objectVersion = 56;
	objects = {

/* Begin PBXBuildFile section */
		EFCF19102DC87C31008B8D22 /* RobinhoodApp.swift in Sources */ = {isa = PBXBuildFile; fileRef = EFCF190F2DC87C31008B8D22 /* RobinhoodApp.swift */; };
		EFCF19122DC87C31008B8D22 /* WelcomeScreen.swift in Sources */ = {isa = PBXBuildFile; fileRef = EFCF19112DC87C31008B8D22 /* WelcomeScreen.swift */; };
		EFCF19142DC87C32008B8D22 /* Assets.xcassets in Resources */ = {isa = PBXBuildFile; fileRef = EFCF19132DC87C32008B8D22 /* Assets.xcassets */; };
		EFCF19172DC87C32008B8D22 /* Preview Assets.xcassets in Resources */ = {isa = PBXBuildFile; fileRef = EFCF19162DC87C32008B8D22 /* Preview Assets.xcassets */; };
		EFCF19202DC8857F008B8D22 /* LoginView.swift in Sources */ = {isa = PBXBuildFile; fileRef = EFCF191F2DC8857F008B8D22 /* LoginView.swift */; };
		EFCF19222DC88588008B8D22 /* SignupView.swift in Sources */ = {isa = PBXBuildFile; fileRef = EFCF19212DC88588008B8D22 /* SignupView.swift */; };
		EFCF19272DC8895F008B8D22 /* CustomTextField.swift in Sources */ = {isa = PBXBuildFile; fileRef = EFCF19262DC8895F008B8D22 /* CustomTextField.swift */; };
		EFCF19292DC88E27008B8D22 /* SecureInputField.swift in Sources */ = {isa = PBXBuildFile; fileRef = EFCF19282DC88E27008B8D22 /* SecureInputField.swift */; };
		EFCF192C2DC891A3008B8D22 /* AuthenticationViewModel.swift in Sources */ = {isa = PBXBuildFile; fileRef = EFCF192B2DC891A3008B8D22 /* AuthenticationViewModel.swift */; };
		EFCF192F2DC89D67008B8D22 /* HomeView.swift in Sources */ = {isa = PBXBuildFile; fileRef = EFCF192E2DC89D67008B8D22 /* HomeView.swift */; };
		EFCF19322DC8A10E008B8D22 /* TabChartsView.swift in Sources */ = {isa = PBXBuildFile; fileRef = EFCF19312DC8A10E008B8D22 /* TabChartsView.swift */; };
		EFCF19362DC8A14E008B8D22 /* ProfileView.swift in Sources */ = {isa = PBXBuildFile; fileRef = EFCF19352DC8A14E008B8D22 /* ProfileView.swift */; };
		EFCF19392DC8A1B3008B8D22 /* CustomTabbar.swift in Sources */ = {isa = PBXBuildFile; fileRef = EFCF19382DC8A1B3008B8D22 /* CustomTabbar.swift */; };
		EFCF193B2DC8A1E4008B8D22 /* TabBarButton.swift in Sources */ = {isa = PBXBuildFile; fileRef = EFCF193A2DC8A1E4008B8D22 /* TabBarButton.swift */; };
		EFCF193E2DC8A233008B8D22 /* TabBarItems.swift in Sources */ = {isa = PBXBuildFile; fileRef = EFCF193D2DC8A233008B8D22 /* TabBarItems.swift */; };
		EFCF19402DC8B8AC008B8D22 /* UserImageRow.swift in Sources */ = {isa = PBXBuildFile; fileRef = EFCF193F2DC8B8AC008B8D22 /* UserImageRow.swift */; };
		EFCF19422DC8BD7D008B8D22 /* CardRowView.swift in Sources */ = {isa = PBXBuildFile; fileRef = EFCF19412DC8BD7D008B8D22 /* CardRowView.swift */; };
		EFCF19442DC8C137008B8D22 /* MenuView.swift in Sources */ = {isa = PBXBuildFile; fileRef = EFCF19432DC8C137008B8D22 /* MenuView.swift */; };
		EFCF19462DC8C53F008B8D22 /* NavigationbarExtension.swift in Sources */ = {isa = PBXBuildFile; fileRef = EFCF19452DC8C53F008B8D22 /* NavigationbarExtension.swift */; };
		EFCF19482DC8C9EA008B8D22 /* LineChartView.swift in Sources */ = {isa = PBXBuildFile; fileRef = EFCF19472DC8C9EA008B8D22 /* LineChartView.swift */; };
		EFCF194A2DC8D360008B8D22 /* PieChartView.swift in Sources */ = {isa = PBXBuildFile; fileRef = EFCF19492DC8D360008B8D22 /* PieChartView.swift */; };
		EFCF194C2DC8D5CC008B8D22 /* InfoCardView.swift in Sources */ = {isa = PBXBuildFile; fileRef = EFCF194B2DC8D5CC008B8D22 /* InfoCardView.swift */; };
		EFCF194E2DC8D61C008B8D22 /* DiscoverView.swift in Sources */ = {isa = PBXBuildFile; fileRef = EFCF194D2DC8D61C008B8D22 /* DiscoverView.swift */; };
/* End PBXBuildFile section */

/* Begin PBXFileReference section */
		EFCF190C2DC87C31008B8D22 /* Robinhood.app */ = {isa = PBXFileReference; explicitFileType = wrapper.application; includeInIndex = 0; path = Robinhood.app; sourceTree = BUILT_PRODUCTS_DIR; };
		EFCF190F2DC87C31008B8D22 /* RobinhoodApp.swift */ = {isa = PBXFileReference; lastKnownFileType = sourcecode.swift; path = RobinhoodApp.swift; sourceTree = "<group>"; };
		EFCF19112DC87C31008B8D22 /* WelcomeScreen.swift */ = {isa = PBXFileReference; lastKnownFileType = sourcecode.swift; path = WelcomeScreen.swift; sourceTree = "<group>"; };
		EFCF19132DC87C32008B8D22 /* Assets.xcassets */ = {isa = PBXFileReference; lastKnownFileType = folder.assetcatalog; path = Assets.xcassets; sourceTree = "<group>"; };
		EFCF19162DC87C32008B8D22 /* Preview Assets.xcassets */ = {isa = PBXFileReference; lastKnownFileType = folder.assetcatalog; path = "Preview Assets.xcassets"; sourceTree = "<group>"; };
		EFCF191F2DC8857F008B8D22 /* LoginView.swift */ = {isa = PBXFileReference; lastKnownFileType = sourcecode.swift; path = LoginView.swift; sourceTree = "<group>"; };
		EFCF19212DC88588008B8D22 /* SignupView.swift */ = {isa = PBXFileReference; lastKnownFileType = sourcecode.swift; path = SignupView.swift; sourceTree = "<group>"; };
		EFCF19262DC8895F008B8D22 /* CustomTextField.swift */ = {isa = PBXFileReference; lastKnownFileType = sourcecode.swift; path = CustomTextField.swift; sourceTree = "<group>"; };
		EFCF19282DC88E27008B8D22 /* SecureInputField.swift */ = {isa = PBXFileReference; lastKnownFileType = sourcecode.swift; path = SecureInputField.swift; sourceTree = "<group>"; };
		EFCF192B2DC891A3008B8D22 /* AuthenticationViewModel.swift */ = {isa = PBXFileReference; lastKnownFileType = sourcecode.swift; path = AuthenticationViewModel.swift; sourceTree = "<group>"; };
		EFCF192E2DC89D67008B8D22 /* HomeView.swift */ = {isa = PBXFileReference; lastKnownFileType = sourcecode.swift; path = HomeView.swift; sourceTree = "<group>"; };
		EFCF19312DC8A10E008B8D22 /* TabChartsView.swift */ = {isa = PBXFileReference; lastKnownFileType = sourcecode.swift; path = TabChartsView.swift; sourceTree = "<group>"; };
		EFCF19352DC8A14E008B8D22 /* ProfileView.swift */ = {isa = PBXFileReference; lastKnownFileType = sourcecode.swift; path = ProfileView.swift; sourceTree = "<group>"; };
		EFCF19382DC8A1B3008B8D22 /* CustomTabbar.swift */ = {isa = PBXFileReference; lastKnownFileType = sourcecode.swift; path = CustomTabbar.swift; sourceTree = "<group>"; };
		EFCF193A2DC8A1E4008B8D22 /* TabBarButton.swift */ = {isa = PBXFileReference; lastKnownFileType = sourcecode.swift; path = TabBarButton.swift; sourceTree = "<group>"; };
		EFCF193D2DC8A233008B8D22 /* TabBarItems.swift */ = {isa = PBXFileReference; lastKnownFileType = sourcecode.swift; path = TabBarItems.swift; sourceTree = "<group>"; };
		EFCF193F2DC8B8AC008B8D22 /* UserImageRow.swift */ = {isa = PBXFileReference; lastKnownFileType = sourcecode.swift; path = UserImageRow.swift; sourceTree = "<group>"; };
		EFCF19412DC8BD7D008B8D22 /* CardRowView.swift */ = {isa = PBXFileReference; lastKnownFileType = sourcecode.swift; path = CardRowView.swift; sourceTree = "<group>"; };
		EFCF19432DC8C137008B8D22 /* MenuView.swift */ = {isa = PBXFileReference; lastKnownFileType = sourcecode.swift; path = MenuView.swift; sourceTree = "<group>"; };
		EFCF19452DC8C53F008B8D22 /* NavigationbarExtension.swift */ = {isa = PBXFileReference; lastKnownFileType = sourcecode.swift; path = NavigationbarExtension.swift; sourceTree = "<group>"; };
		EFCF19472DC8C9EA008B8D22 /* LineChartView.swift */ = {isa = PBXFileReference; lastKnownFileType = sourcecode.swift; path = LineChartView.swift; sourceTree = "<group>"; };
		EFCF19492DC8D360008B8D22 /* PieChartView.swift */ = {isa = PBXFileReference; lastKnownFileType = sourcecode.swift; path = PieChartView.swift; sourceTree = "<group>"; };
		EFCF194B2DC8D5CC008B8D22 /* InfoCardView.swift */ = {isa = PBXFileReference; lastKnownFileType = sourcecode.swift; path = InfoCardView.swift; sourceTree = "<group>"; };
		EFCF194D2DC8D61C008B8D22 /* DiscoverView.swift */ = {isa = PBXFileReference; lastKnownFileType = sourcecode.swift; path = DiscoverView.swift; sourceTree = "<group>"; };
/* End PBXFileReference section */

/* Begin PBXFrameworksBuildPhase section */
		EFCF19092DC87C31008B8D22 /* Frameworks */ = {
			isa = PBXFrameworksBuildPhase;
			buildActionMask = 2147483647;
			files = (
			);
			runOnlyForDeploymentPostprocessing = 0;
		};
/* End PBXFrameworksBuildPhase section */

/* Begin PBXGroup section */
		EFCF19032DC87C31008B8D22 = {
			isa = PBXGroup;
			children = (
				EFCF190E2DC87C31008B8D22 /* Robinhood */,
				EFCF190D2DC87C31008B8D22 /* Products */,
			);
			sourceTree = "<group>";
		};
		EFCF190D2DC87C31008B8D22 /* Products */ = {
			isa = PBXGroup;
			children = (
				EFCF190C2DC87C31008B8D22 /* Robinhood.app */,
			);
			name = Products;
			sourceTree = "<group>";
		};
		EFCF190E2DC87C31008B8D22 /* Robinhood */ = {
			isa = PBXGroup;
			children = (
				EFCF19242DC88942008B8D22 /* Helpers */,
				EFCF191D2DC884ED008B8D22 /* Screens */,
				EFCF190F2DC87C31008B8D22 /* RobinhoodApp.swift */,
				EFCF19112DC87C31008B8D22 /* WelcomeScreen.swift */,
				EFCF19132DC87C32008B8D22 /* Assets.xcassets */,
				EFCF19152DC87C32008B8D22 /* Preview Content */,
				EFCF19312DC8A10E008B8D22 /* TabChartsView.swift */,
			);
			path = Robinhood;
			sourceTree = "<group>";
		};
		EFCF19152DC87C32008B8D22 /* Preview Content */ = {
			isa = PBXGroup;
			children = (
				EFCF19162DC87C32008B8D22 /* Preview Assets.xcassets */,
			);
			path = "Preview Content";
			sourceTree = "<group>";
		};
		EFCF191D2DC884ED008B8D22 /* Screens */ = {
			isa = PBXGroup;
			children = (
				EFCF19302DC8A0CC008B8D22 /* Profile */,
				EFCF192D2DC89D50008B8D22 /* Home */,
				EFCF191E2DC8856C008B8D22 /* Authentication */,
			);
			path = Screens;
			sourceTree = "<group>";
		};
		EFCF191E2DC8856C008B8D22 /* Authentication */ = {
			isa = PBXGroup;
			children = (
				EFCF192A2DC89180008B8D22 /* ViewModels */,
				EFCF19232DC88594008B8D22 /* Views */,
			);
			path = Authentication;
			sourceTree = "<group>";
		};
		EFCF19232DC88594008B8D22 /* Views */ = {
			isa = PBXGroup;
			children = (
				EFCF191F2DC8857F008B8D22 /* LoginView.swift */,
				EFCF19212DC88588008B8D22 /* SignupView.swift */,
			);
			path = Views;
			sourceTree = "<group>";
		};
		EFCF19242DC88942008B8D22 /* Helpers */ = {
			isa = PBXGroup;
			children = (
				EFCF19252DC88949008B8D22 /* Views */,
				EFCF19452DC8C53F008B8D22 /* NavigationbarExtension.swift */,
			);
			path = Helpers;
			sourceTree = "<group>";
		};
		EFCF19252DC88949008B8D22 /* Views */ = {
			isa = PBXGroup;
			children = (
				EFCF19372DC8A19B008B8D22 /* CustomTab */,
				EFCF19262DC8895F008B8D22 /* CustomTextField.swift */,
				EFCF19282DC88E27008B8D22 /* SecureInputField.swift */,
				EFCF193F2DC8B8AC008B8D22 /* UserImageRow.swift */,
				EFCF19472DC8C9EA008B8D22 /* LineChartView.swift */,
				EFCF19492DC8D360008B8D22 /* PieChartView.swift */,
				EFCF194B2DC8D5CC008B8D22 /* InfoCardView.swift */,
			);
			path = Views;
			sourceTree = "<group>";
		};
		EFCF192A2DC89180008B8D22 /* ViewModels */ = {
			isa = PBXGroup;
			children = (
				EFCF192B2DC891A3008B8D22 /* AuthenticationViewModel.swift */,
			);
			path = ViewModels;
			sourceTree = "<group>";
		};
		EFCF192D2DC89D50008B8D22 /* Home */ = {
			isa = PBXGroup;
			children = (
				EFCF193C2DC8A21F008B8D22 /* Model */,
				EFCF19342DC8A141008B8D22 /* Views */,
			);
			path = Home;
			sourceTree = "<group>";
		};
		EFCF19302DC8A0CC008B8D22 /* Profile */ = {
			isa = PBXGroup;
			children = (
				EFCF19332DC8A137008B8D22 /* Views */,
			);
			path = Profile;
			sourceTree = "<group>";
		};
		EFCF19332DC8A137008B8D22 /* Views */ = {
			isa = PBXGroup;
			children = (
				EFCF19352DC8A14E008B8D22 /* ProfileView.swift */,
				EFCF19432DC8C137008B8D22 /* MenuView.swift */,
				EFCF194D2DC8D61C008B8D22 /* DiscoverView.swift */,
			);
			path = Views;
			sourceTree = "<group>";
		};
		EFCF19342DC8A141008B8D22 /* Views */ = {
			isa = PBXGroup;
			children = (
				EFCF192E2DC89D67008B8D22 /* HomeView.swift */,
			);
			path = Views;
			sourceTree = "<group>";
		};
		EFCF19372DC8A19B008B8D22 /* CustomTab */ = {
			isa = PBXGroup;
			children = (
				EFCF19382DC8A1B3008B8D22 /* CustomTabbar.swift */,
				EFCF193A2DC8A1E4008B8D22 /* TabBarButton.swift */,
				EFCF19412DC8BD7D008B8D22 /* CardRowView.swift */,
			);
			path = CustomTab;
			sourceTree = "<group>";
		};
		EFCF193C2DC8A21F008B8D22 /* Model */ = {
			isa = PBXGroup;
			children = (
				EFCF193D2DC8A233008B8D22 /* TabBarItems.swift */,
			);
			name = Model;
			sourceTree = "<group>";
		};
/* End PBXGroup section */

/* Begin PBXNativeTarget section */
		EFCF190B2DC87C31008B8D22 /* Robinhood */ = {
			isa = PBXNativeTarget;
			buildConfigurationList = EFCF191A2DC87C32008B8D22 /* Build configuration list for PBXNativeTarget "Robinhood" */;
			buildPhases = (
				EFCF19082DC87C31008B8D22 /* Sources */,
				EFCF19092DC87C31008B8D22 /* Frameworks */,
				EFCF190A2DC87C31008B8D22 /* Resources */,
			);
			buildRules = (
			);
			dependencies = (
			);
			name = Robinhood;
			productName = Robinhood;
			productReference = EFCF190C2DC87C31008B8D22 /* Robinhood.app */;
			productType = "com.apple.product-type.application";
		};
/* End PBXNativeTarget section */

/* Begin PBXProject section */
		EFCF19042DC87C31008B8D22 /* Project object */ = {
			isa = PBXProject;
			attributes = {
				BuildIndependentTargetsInParallel = 1;
				LastSwiftUpdateCheck = 1540;
				LastUpgradeCheck = 1540;
				TargetAttributes = {
					EFCF190B2DC87C31008B8D22 = {
						CreatedOnToolsVersion = 15.4;
					};
				};
			};
			buildConfigurationList = EFCF19072DC87C31008B8D22 /* Build configuration list for PBXProject "Robinhood" */;
			compatibilityVersion = "Xcode 14.0";
			developmentRegion = en;
			hasScannedForEncodings = 0;
			knownRegions = (
				en,
				Base,
			);
			mainGroup = EFCF19032DC87C31008B8D22;
			productRefGroup = EFCF190D2DC87C31008B8D22 /* Products */;
			projectDirPath = "";
			projectRoot = "";
			targets = (
				EFCF190B2DC87C31008B8D22 /* Robinhood */,
			);
		};
/* End PBXProject section */

/* Begin PBXResourcesBuildPhase section */
		EFCF190A2DC87C31008B8D22 /* Resources */ = {
			isa = PBXResourcesBuildPhase;
			buildActionMask = 2147483647;
			files = (
				EFCF19172DC87C32008B8D22 /* Preview Assets.xcassets in Resources */,
				EFCF19142DC87C32008B8D22 /* Assets.xcassets in Resources */,
			);
			runOnlyForDeploymentPostprocessing = 0;
		};
/* End PBXResourcesBuildPhase section */

/* Begin PBXSourcesBuildPhase section */
		EFCF19082DC87C31008B8D22 /* Sources */ = {
			isa = PBXSourcesBuildPhase;
			buildActionMask = 2147483647;
			files = (
				EFCF19222DC88588008B8D22 /* SignupView.swift in Sources */,
				EFCF19462DC8C53F008B8D22 /* NavigationbarExtension.swift in Sources */,
				EFCF19202DC8857F008B8D22 /* LoginView.swift in Sources */,
				EFCF19362DC8A14E008B8D22 /* ProfileView.swift in Sources */,
				EFCF19402DC8B8AC008B8D22 /* UserImageRow.swift in Sources */,
				EFCF19482DC8C9EA008B8D22 /* LineChartView.swift in Sources */,
				EFCF192C2DC891A3008B8D22 /* AuthenticationViewModel.swift in Sources */,
				EFCF19322DC8A10E008B8D22 /* TabChartsView.swift in Sources */,
				EFCF19422DC8BD7D008B8D22 /* CardRowView.swift in Sources */,
				EFCF193B2DC8A1E4008B8D22 /* TabBarButton.swift in Sources */,
				EFCF19292DC88E27008B8D22 /* SecureInputField.swift in Sources */,
				EFCF194E2DC8D61C008B8D22 /* DiscoverView.swift in Sources */,
				EFCF194A2DC8D360008B8D22 /* PieChartView.swift in Sources */,
				EFCF19442DC8C137008B8D22 /* MenuView.swift in Sources */,
				EFCF193E2DC8A233008B8D22 /* TabBarItems.swift in Sources */,
				EFCF19122DC87C31008B8D22 /* WelcomeScreen.swift in Sources */,
				EFCF192F2DC89D67008B8D22 /* HomeView.swift in Sources */,
				EFCF19102DC87C31008B8D22 /* RobinhoodApp.swift in Sources */,
				EFCF19272DC8895F008B8D22 /* CustomTextField.swift in Sources */,
				EFCF194C2DC8D5CC008B8D22 /* InfoCardView.swift in Sources */,
				EFCF19392DC8A1B3008B8D22 /* CustomTabbar.swift in Sources */,
			);
			runOnlyForDeploymentPostprocessing = 0;
		};
/* End PBXSourcesBuildPhase section */

/* Begin XCBuildConfiguration section */
		EFCF19182DC87C32008B8D22 /* Debug */ = {
			isa = XCBuildConfiguration;
			buildSettings = {
				ALWAYS_SEARCH_USER_PATHS = NO;
				ASSETCATALOG_COMPILER_GENERATE_SWIFT_ASSET_SYMBOL_EXTENSIONS = YES;
				CLANG_ANALYZER_NONNULL = YES;
				CLANG_ANALYZER_NUMBER_OBJECT_CONVERSION = YES_AGGRESSIVE;
				CLANG_CXX_LANGUAGE_STANDARD = "gnu++20";
				CLANG_ENABLE_MODULES = YES;
				CLANG_ENABLE_OBJC_ARC = YES;
				CLANG_ENABLE_OBJC_WEAK = YES;
				CLANG_WARN_BLOCK_CAPTURE_AUTORELEASING = YES;
				CLANG_WARN_BOOL_CONVERSION = YES;
				CLANG_WARN_COMMA = YES;
				CLANG_WARN_CONSTANT_CONVERSION = YES;
				CLANG_WARN_DEPRECATED_OBJC_IMPLEMENTATIONS = YES;
				CLANG_WARN_DIRECT_OBJC_ISA_USAGE = YES_ERROR;
				CLANG_WARN_DOCUMENTATION_COMMENTS = YES;
				CLANG_WARN_EMPTY_BODY = YES;
				CLANG_WARN_ENUM_CONVERSION = YES;
				CLANG_WARN_INFINITE_RECURSION = YES;
				CLANG_WARN_INT_CONVERSION = YES;
				CLANG_WARN_NON_LITERAL_NULL_CONVERSION = YES;
				CLANG_WARN_OBJC_IMPLICIT_RETAIN_SELF = YES;
				CLANG_WARN_OBJC_LITERAL_CONVERSION = YES;
				CLANG_WARN_OBJC_ROOT_CLASS = YES_ERROR;
				CLANG_WARN_QUOTED_INCLUDE_IN_FRAMEWORK_HEADER = YES;
				CLANG_WARN_RANGE_LOOP_ANALYSIS = YES;
				CLANG_WARN_STRICT_PROTOTYPES = YES;
				CLANG_WARN_SUSPICIOUS_MOVE = YES;
				CLANG_WARN_UNGUARDED_AVAILABILITY = YES_AGGRESSIVE;
				CLANG_WARN_UNREACHABLE_CODE = YES;
				CLANG_WARN__DUPLICATE_METHOD_MATCH = YES;
				COPY_PHASE_STRIP = NO;
				DEBUG_INFORMATION_FORMAT = dwarf;
				ENABLE_STRICT_OBJC_MSGSEND = YES;
				ENABLE_TESTABILITY = YES;
				ENABLE_USER_SCRIPT_SANDBOXING = YES;
				GCC_C_LANGUAGE_STANDARD = gnu17;
				GCC_DYNAMIC_NO_PIC = NO;
				GCC_NO_COMMON_BLOCKS = YES;
				GCC_OPTIMIZATION_LEVEL = 0;
				GCC_PREPROCESSOR_DEFINITIONS = (
					"DEBUG=1",
					"$(inherited)",
				);
				GCC_WARN_64_TO_32_BIT_CONVERSION = YES;
				GCC_WARN_ABOUT_RETURN_TYPE = YES_ERROR;
				GCC_WARN_UNDECLARED_SELECTOR = YES;
				GCC_WARN_UNINITIALIZED_AUTOS = YES_AGGRESSIVE;
				GCC_WARN_UNUSED_FUNCTION = YES;
				GCC_WARN_UNUSED_VARIABLE = YES;
				IPHONEOS_DEPLOYMENT_TARGET = 17.5;
				LOCALIZATION_PREFERS_STRING_CATALOGS = YES;
				MTL_ENABLE_DEBUG_INFO = INCLUDE_SOURCE;
				MTL_FAST_MATH = YES;
				ONLY_ACTIVE_ARCH = YES;
				SDKROOT = iphoneos;
				SWIFT_ACTIVE_COMPILATION_CONDITIONS = "DEBUG $(inherited)";
				SWIFT_OPTIMIZATION_LEVEL = "-Onone";
			};
			name = Debug;
		};
		EFCF19192DC87C32008B8D22 /* Release */ = {
			isa = XCBuildConfiguration;
			buildSettings = {
				ALWAYS_SEARCH_USER_PATHS = NO;
				ASSETCATALOG_COMPILER_GENERATE_SWIFT_ASSET_SYMBOL_EXTENSIONS = YES;
				CLANG_ANALYZER_NONNULL = YES;
				CLANG_ANALYZER_NUMBER_OBJECT_CONVERSION = YES_AGGRESSIVE;
				CLANG_CXX_LANGUAGE_STANDARD = "gnu++20";
				CLANG_ENABLE_MODULES = YES;
				CLANG_ENABLE_OBJC_ARC = YES;
				CLANG_ENABLE_OBJC_WEAK = YES;
				CLANG_WARN_BLOCK_CAPTURE_AUTORELEASING = YES;
				CLANG_WARN_BOOL_CONVERSION = YES;
				CLANG_WARN_COMMA = YES;
				CLANG_WARN_CONSTANT_CONVERSION = YES;
				CLANG_WARN_DEPRECATED_OBJC_IMPLEMENTATIONS = YES;
				CLANG_WARN_DIRECT_OBJC_ISA_USAGE = YES_ERROR;
				CLANG_WARN_DOCUMENTATION_COMMENTS = YES;
				CLANG_WARN_EMPTY_BODY = YES;
				CLANG_WARN_ENUM_CONVERSION = YES;
				CLANG_WARN_INFINITE_RECURSION = YES;
				CLANG_WARN_INT_CONVERSION = YES;
				CLANG_WARN_NON_LITERAL_NULL_CONVERSION = YES;
				CLANG_WARN_OBJC_IMPLICIT_RETAIN_SELF = YES;
				CLANG_WARN_OBJC_LITERAL_CONVERSION = YES;
				CLANG_WARN_OBJC_ROOT_CLASS = YES_ERROR;
				CLANG_WARN_QUOTED_INCLUDE_IN_FRAMEWORK_HEADER = YES;
				CLANG_WARN_RANGE_LOOP_ANALYSIS = YES;
				CLANG_WARN_STRICT_PROTOTYPES = YES;
				CLANG_WARN_SUSPICIOUS_MOVE = YES;
				CLANG_WARN_UNGUARDED_AVAILABILITY = YES_AGGRESSIVE;
				CLANG_WARN_UNREACHABLE_CODE = YES;
				CLANG_WARN__DUPLICATE_METHOD_MATCH = YES;
				COPY_PHASE_STRIP = NO;
				DEBUG_INFORMATION_FORMAT = "dwarf-with-dsym";
				ENABLE_NS_ASSERTIONS = NO;
				ENABLE_STRICT_OBJC_MSGSEND = YES;
				ENABLE_USER_SCRIPT_SANDBOXING = YES;
				GCC_C_LANGUAGE_STANDARD = gnu17;
				GCC_NO_COMMON_BLOCKS = YES;
				GCC_WARN_64_TO_32_BIT_CONVERSION = YES;
				GCC_WARN_ABOUT_RETURN_TYPE = YES_ERROR;
				GCC_WARN_UNDECLARED_SELECTOR = YES;
				GCC_WARN_UNINITIALIZED_AUTOS = YES_AGGRESSIVE;
				GCC_WARN_UNUSED_FUNCTION = YES;
				GCC_WARN_UNUSED_VARIABLE = YES;
				IPHONEOS_DEPLOYMENT_TARGET = 17.5;
				LOCALIZATION_PREFERS_STRING_CATALOGS = YES;
				MTL_ENABLE_DEBUG_INFO = NO;
				MTL_FAST_MATH = YES;
				SDKROOT = iphoneos;
				SWIFT_COMPILATION_MODE = wholemodule;
				VALIDATE_PRODUCT = YES;
			};
			name = Release;
		};
		EFCF191B2DC87C32008B8D22 /* Debug */ = {
			isa = XCBuildConfiguration;
			buildSettings = {
				ASSETCATALOG_COMPILER_APPICON_NAME = AppIcon;
				ASSETCATALOG_COMPILER_GLOBAL_ACCENT_COLOR_NAME = AccentColor;
				CODE_SIGN_STYLE = Automatic;
				CURRENT_PROJECT_VERSION = 1;
				DEVELOPMENT_ASSET_PATHS = "\"Robinhood/Preview Content\"";
				DEVELOPMENT_TEAM = CY54S784AK;
				ENABLE_PREVIEWS = YES;
				GENERATE_INFOPLIST_FILE = YES;
				INFOPLIST_KEY_UIApplicationSceneManifest_Generation = YES;
				INFOPLIST_KEY_UIApplicationSupportsIndirectInputEvents = YES;
				INFOPLIST_KEY_UILaunchScreen_Generation = YES;
				INFOPLIST_KEY_UISupportedInterfaceOrientations_iPad = "UIInterfaceOrientationPortrait UIInterfaceOrientationPortraitUpsideDown UIInterfaceOrientationLandscapeLeft UIInterfaceOrientationLandscapeRight";
				INFOPLIST_KEY_UISupportedInterfaceOrientations_iPhone = "UIInterfaceOrientationPortrait UIInterfaceOrientationLandscapeLeft UIInterfaceOrientationLandscapeRight";
				LD_RUNPATH_SEARCH_PATHS = (
					"$(inherited)",
					"@executable_path/Frameworks",
				);
				MARKETING_VERSION = 1.0;
				PRODUCT_BUNDLE_IDENTIFIER = com.jana.Robinhood;
				PRODUCT_NAME = "$(TARGET_NAME)";
				SWIFT_EMIT_LOC_STRINGS = YES;
				SWIFT_VERSION = 5.0;
				TARGETED_DEVICE_FAMILY = "1,2";
			};
			name = Debug;
		};
		EFCF191C2DC87C32008B8D22 /* Release */ = {
			isa = XCBuildConfiguration;
			buildSettings = {
				ASSETCATALOG_COMPILER_APPICON_NAME = AppIcon;
				ASSETCATALOG_COMPILER_GLOBAL_ACCENT_COLOR_NAME = AccentColor;
				CODE_SIGN_STYLE = Automatic;
				CURRENT_PROJECT_VERSION = 1;
				DEVELOPMENT_ASSET_PATHS = "\"Robinhood/Preview Content\"";
				DEVELOPMENT_TEAM = CY54S784AK;
				ENABLE_PREVIEWS = YES;
				GENERATE_INFOPLIST_FILE = YES;
				INFOPLIST_KEY_UIApplicationSceneManifest_Generation = YES;
				INFOPLIST_KEY_UIApplicationSupportsIndirectInputEvents = YES;
				INFOPLIST_KEY_UILaunchScreen_Generation = YES;
				INFOPLIST_KEY_UISupportedInterfaceOrientations_iPad = "UIInterfaceOrientationPortrait UIInterfaceOrientationPortraitUpsideDown UIInterfaceOrientationLandscapeLeft UIInterfaceOrientationLandscapeRight";
				INFOPLIST_KEY_UISupportedInterfaceOrientations_iPhone = "UIInterfaceOrientationPortrait UIInterfaceOrientationLandscapeLeft UIInterfaceOrientationLandscapeRight";
				LD_RUNPATH_SEARCH_PATHS = (
					"$(inherited)",
					"@executable_path/Frameworks",
				);
				MARKETING_VERSION = 1.0;
				PRODUCT_BUNDLE_IDENTIFIER = com.jana.Robinhood;
				PRODUCT_NAME = "$(TARGET_NAME)";
				SWIFT_EMIT_LOC_STRINGS = YES;
				SWIFT_VERSION = 5.0;
				TARGETED_DEVICE_FAMILY = "1,2";
			};
			name = Release;
		};
/* End XCBuildConfiguration section */

/* Begin XCConfigurationList section */
		EFCF19072DC87C31008B8D22 /* Build configuration list for PBXProject "Robinhood" */ = {
			isa = XCConfigurationList;
			buildConfigurations = (
				EFCF19182DC87C32008B8D22 /* Debug */,
				EFCF19192DC87C32008B8D22 /* Release */,
			);
			defaultConfigurationIsVisible = 0;
			defaultConfigurationName = Release;
		};
		EFCF191A2DC87C32008B8D22 /* Build configuration list for PBXNativeTarget "Robinhood" */ = {
			isa = XCConfigurationList;
			buildConfigurations = (
				EFCF191B2DC87C32008B8D22 /* Debug */,
				EFCF191C2DC87C32008B8D22 /* Release */,
			);
			defaultConfigurationIsVisible = 0;
			defaultConfigurationName = Release;
		};
/* End XCConfigurationList section */
	};
	rootObject = EFCF19042DC87C31008B8D22 /* Project object */;
}
